
Microsoft Visual Studio Solution File, Format Version 12.00
# Visual Studio Version 17
VisualStudioVersion = 17.11.35312.102
MinimumVisualStudioVersion = 10.0.40219.1
Project("{FAE04EC0-301F-11D3-BF4B-00C04F79EFBC}") = "Josennatron", "Josennatron.csproj", "{8B2EFD32-C345-414D-95DE-FB728D144C94}"
EndProject
Global
	GlobalSection(SolutionConfigurationPlatforms) = preSolution
		Debug|Any CPU = Debug|Any CPU
		Release|Any CPU = Release|Any CPU
	EndGlobalSection
	GlobalSection(ProjectConfigurationPlatforms) = postSolution
		{8B2EFD32-C345-414D-95DE-FB728D144C94}.Debug|Any CPU.ActiveCfg = Debug|Any CPU
		{8B2EFD32-C345-414D-95DE-FB728D144C94}.Debug|Any CPU.Build.0 = Debug|Any CPU
		{8B2EFD32-C345-414D-95DE-FB728D144C94}.Release|Any CPU.ActiveCfg = Release|Any CPU
		{8B2EFD32-C345-414D-95DE-FB728D144C94}.Release|Any CPU.Build.0 = Release|Any CPU
	EndGlobalSection
	GlobalSection(SolutionProperties) = preSolution
		HideSolutionNode = FALSE
	EndGlobalSection
	GlobalSection(ExtensibilityGlobals) = postSolution
		SolutionGuid = {641BB741-CEEC-4EAC-BE6F-C9FC52A01B17}
	EndGlobalSection
EndGlobal
